
Microsoft Visual Studio Solution File, Format Version 9.00
# Visual Studio 2005
Project("{FAE04EC0-301F-11D3-BF4B-00C04F79EFBC}") = "TextEditor", "TextEditor.csproj", "{E07DFF03-4198-4D59-84C5-6153BC4E0640}"
EndProject
Global
	GlobalSection(SolutionConfigurationPlatforms) = preSolution
		Debug|Any CPU = Debug|Any CPU
		Release|Any CPU = Release|Any CPU
	EndGlobalSection
	GlobalSection(ProjectConfigurationPlatforms) = postSolution
		{E07DFF03-4198-4D59-84C5-6153BC4E0640}.Debug|Any CPU.ActiveCfg = Debug|Any CPU
		{E07DFF03-4198-4D59-84C5-6153BC4E0640}.Debug|Any CPU.Build.0 = Debug|Any CPU
		{E07DFF03-4198-4D59-84C5-6153BC4E0640}.Release|Any CPU.ActiveCfg = Release|Any CPU
		{E07DFF03-4198-4D59-84C5-6153BC4E0640}.Release|Any CPU.Build.0 = Release|Any CPU
	EndGlobalSection
	GlobalSection(SolutionProperties) = preSolution
		HideSolutionNode = FALSE
	EndGlobalSection
EndGlobal
