
Microsoft Visual Studio Solution File, Format Version 12.00
# Visual Studio 2013
VisualStudioVersion = 12.0.31101.0
MinimumVisualStudioVersion = 10.0.40219.1
Project("{FAE04EC0-301F-11D3-BF4B-00C04F79EFBC}") = "BauControls", "BauControls\BauControls.csproj", "{F62C525C-5A46-46E1-BD18-450ACAF06E26}"
EndProject
Project("{FAE04EC0-301F-11D3-BF4B-00C04F79EFBC}") = "Files", "Files\Files.csproj", "{206856B6-B1B7-41BC-AC2F-EF1E8A99ABE8}"
EndProject
Project("{FAE04EC0-301F-11D3-BF4B-00C04F79EFBC}") = "LibHelper", "LibHelper\LibHelper.csproj", "{D9E2DC6B-3E54-421F-9231-A4F3A799BC4C}"
EndProject
Project("{FAE04EC0-301F-11D3-BF4B-00C04F79EFBC}") = "LibComicsBooks", "LibComicsBooks\LibComicsBooks.csproj", "{EECF02AF-BFDB-4056-B95A-D85701431FEC}"
EndProject
Project("{FAE04EC0-301F-11D3-BF4B-00C04F79EFBC}") = "ImageControls", "ImageControls\ImageControls.csproj", "{976E750D-989C-43F0-9748-9147E1D1D88D}"
EndProject
Project("{FAE04EC0-301F-11D3-BF4B-00C04F79EFBC}") = "ImageFilters", "ImageFilters\ImageFilters.csproj", "{439274B0-678E-432C-9497-C73B6BC7A5CF}"
EndProject
Project("{FAE04EC0-301F-11D3-BF4B-00C04F79EFBC}") = "LibCollector", "LibCollector\LibCollector.csproj", "{FFC795A2-9846-475E-83E2-A2182ECC93A0}"
EndProject
Project("{FAE04EC0-301F-11D3-BF4B-00C04F79EFBC}") = "Help", "Help\Help.csproj", "{E4ACF0B6-7EA9-4FBE-9A7A-553BA3ED64DA}"
EndProject
Project("{FAE04EC0-301F-11D3-BF4B-00C04F79EFBC}") = "LibMarkupLanguage", "LibMarkupLanguage\LibMarkupLanguage.csproj", "{2A1F0E6C-73CE-406F-9ED4-879653E19346}"
EndProject
Project("{FAE04EC0-301F-11D3-BF4B-00C04F79EFBC}") = "WebExplorer", "WebExplorer\WebExplorer.csproj", "{651488E0-8BBD-4BDE-918C-909EA494E2C3}"
EndProject
Project("{FAE04EC0-301F-11D3-BF4B-00C04F79EFBC}") = "LibEBook", "LibEBook\LibEBook.csproj", "{37663C2E-16CA-4497-B59A-B45847EA6CFA}"
EndProject
Project("{FAE04EC0-301F-11D3-BF4B-00C04F79EFBC}") = "LibFeeds", "LibFeeds\LibFeeds.csproj", "{EF001998-E787-4E19-834A-DB93566662C6}"
EndProject
Project("{FAE04EC0-301F-11D3-BF4B-00C04F79EFBC}") = "LibDownloader", "LibDownloader\LibDownloader.csproj", "{BB816A7F-D7F7-4FDC-8CFE-23D180A73406}"
EndProject
Project("{FAE04EC0-301F-11D3-BF4B-00C04F79EFBC}") = "TextEditor", "TextEditor\TextEditor.csproj", "{E07DFF03-4198-4D59-84C5-6153BC4E0640}"
EndProject
Project("{FAE04EC0-301F-11D3-BF4B-00C04F79EFBC}") = "LibPDFTools", "LibPDFTools\LibPDFTools.csproj", "{7B61C482-0DA1-488F-BC58-A79BD471EFA3}"
EndProject
Project("{2150E333-8FDC-42A3-9474-1A3956D46DE8}") = "Libraries", "Libraries", "{36F20882-4A73-4763-A40E-5228AB51FBAE}"
EndProject
Project("{2150E333-8FDC-42A3-9474-1A3956D46DE8}") = "Common", "Common", "{823C53C9-907A-4C9A-868D-3E16007E829A}"
EndProject
Project("{2150E333-8FDC-42A3-9474-1A3956D46DE8}") = "ComicBooks", "ComicBooks", "{89E828AE-56A6-4643-B7C8-6B713C739074}"
EndProject
Project("{2150E333-8FDC-42A3-9474-1A3956D46DE8}") = "Compression", "Compression", "{70196871-0210-4D64-920F-766689E598CC}"
EndProject
Project("{2150E333-8FDC-42A3-9474-1A3956D46DE8}") = "Communications", "Communications", "{9FDEB5DF-E594-4687-9086-CA4532578F64}"
EndProject
Project("{2150E333-8FDC-42A3-9474-1A3956D46DE8}") = "Controls", "Controls", "{6549398D-F484-43D6-9494-921E96EF4C76}"
EndProject
Project("{2150E333-8FDC-42A3-9474-1A3956D46DE8}") = "Graphics", "Graphics", "{74BEB495-5C6E-4DD5-9B73-CD8B5F0850BA}"
EndProject
Project("{2150E333-8FDC-42A3-9474-1A3956D46DE8}") = "PDF", "PDF", "{4C48AEE7-1C3D-438C-B73A-E6531E7C6E4D}"
EndProject
Project("{FAE04EC0-301F-11D3-BF4B-00C04F79EFBC}") = "LibCompression", "LibCompression\LibCompression.csproj", "{B9091007-DCB8-45D6-A24D-500520BB2613}"
EndProject
Project("{FAE04EC0-301F-11D3-BF4B-00C04F79EFBC}") = "ComicsBooks", "ComicsBooks\ComicsBooks.csproj", "{476DF4AE-841E-421F-8DCB-BB53299265BD}"
EndProject
Global
	GlobalSection(SolutionConfigurationPlatforms) = preSolution
		Debug|Any CPU = Debug|Any CPU
		Debug|Mixed Platforms = Debug|Mixed Platforms
		Debug|x86 = Debug|x86
		Default|Any CPU = Default|Any CPU
		Default|Mixed Platforms = Default|Mixed Platforms
		Default|x86 = Default|x86
		Release|Any CPU = Release|Any CPU
		Release|Mixed Platforms = Release|Mixed Platforms
		Release|x86 = Release|x86
	EndGlobalSection
	GlobalSection(ProjectConfigurationPlatforms) = postSolution
		{F62C525C-5A46-46E1-BD18-450ACAF06E26}.Debug|Any CPU.ActiveCfg = Debug|Any CPU
		{F62C525C-5A46-46E1-BD18-450ACAF06E26}.Debug|Any CPU.Build.0 = Debug|Any CPU
		{F62C525C-5A46-46E1-BD18-450ACAF06E26}.Debug|Mixed Platforms.ActiveCfg = Debug|Any CPU
		{F62C525C-5A46-46E1-BD18-450ACAF06E26}.Debug|Mixed Platforms.Build.0 = Debug|Any CPU
		{F62C525C-5A46-46E1-BD18-450ACAF06E26}.Debug|x86.ActiveCfg = Debug|Any CPU
		{F62C525C-5A46-46E1-BD18-450ACAF06E26}.Default|Any CPU.ActiveCfg = Debug|Any CPU
		{F62C525C-5A46-46E1-BD18-450ACAF06E26}.Default|Any CPU.Build.0 = Debug|Any CPU
		{F62C525C-5A46-46E1-BD18-450ACAF06E26}.Default|Mixed Platforms.ActiveCfg = Debug|Any CPU
		{F62C525C-5A46-46E1-BD18-450ACAF06E26}.Default|Mixed Platforms.Build.0 = Debug|Any CPU
		{F62C525C-5A46-46E1-BD18-450ACAF06E26}.Default|x86.ActiveCfg = Debug|Any CPU
		{F62C525C-5A46-46E1-BD18-450ACAF06E26}.Release|Any CPU.ActiveCfg = Release|Any CPU
		{F62C525C-5A46-46E1-BD18-450ACAF06E26}.Release|Any CPU.Build.0 = Release|Any CPU
		{F62C525C-5A46-46E1-BD18-450ACAF06E26}.Release|Mixed Platforms.ActiveCfg = Release|Any CPU
		{F62C525C-5A46-46E1-BD18-450ACAF06E26}.Release|Mixed Platforms.Build.0 = Release|Any CPU
		{F62C525C-5A46-46E1-BD18-450ACAF06E26}.Release|x86.ActiveCfg = Release|Any CPU
		{206856B6-B1B7-41BC-AC2F-EF1E8A99ABE8}.Debug|Any CPU.ActiveCfg = Debug|Any CPU
		{206856B6-B1B7-41BC-AC2F-EF1E8A99ABE8}.Debug|Any CPU.Build.0 = Debug|Any CPU
		{206856B6-B1B7-41BC-AC2F-EF1E8A99ABE8}.Debug|Mixed Platforms.ActiveCfg = Debug|Any CPU
		{206856B6-B1B7-41BC-AC2F-EF1E8A99ABE8}.Debug|Mixed Platforms.Build.0 = Debug|Any CPU
		{206856B6-B1B7-41BC-AC2F-EF1E8A99ABE8}.Debug|x86.ActiveCfg = Debug|Any CPU
		{206856B6-B1B7-41BC-AC2F-EF1E8A99ABE8}.Default|Any CPU.ActiveCfg = Debug|Any CPU
		{206856B6-B1B7-41BC-AC2F-EF1E8A99ABE8}.Default|Any CPU.Build.0 = Debug|Any CPU
		{206856B6-B1B7-41BC-AC2F-EF1E8A99ABE8}.Default|Mixed Platforms.ActiveCfg = Debug|Any CPU
		{206856B6-B1B7-41BC-AC2F-EF1E8A99ABE8}.Default|Mixed Platforms.Build.0 = Debug|Any CPU
		{206856B6-B1B7-41BC-AC2F-EF1E8A99ABE8}.Default|x86.ActiveCfg = Debug|Any CPU
		{206856B6-B1B7-41BC-AC2F-EF1E8A99ABE8}.Release|Any CPU.ActiveCfg = Release|Any CPU
		{206856B6-B1B7-41BC-AC2F-EF1E8A99ABE8}.Release|Any CPU.Build.0 = Release|Any CPU
		{206856B6-B1B7-41BC-AC2F-EF1E8A99ABE8}.Release|Mixed Platforms.ActiveCfg = Release|Any CPU
		{206856B6-B1B7-41BC-AC2F-EF1E8A99ABE8}.Release|Mixed Platforms.Build.0 = Release|Any CPU
		{206856B6-B1B7-41BC-AC2F-EF1E8A99ABE8}.Release|x86.ActiveCfg = Release|Any CPU
		{D9E2DC6B-3E54-421F-9231-A4F3A799BC4C}.Debug|Any CPU.ActiveCfg = Debug|Any CPU
		{D9E2DC6B-3E54-421F-9231-A4F3A799BC4C}.Debug|Any CPU.Build.0 = Debug|Any CPU
		{D9E2DC6B-3E54-421F-9231-A4F3A799BC4C}.Debug|Mixed Platforms.ActiveCfg = Debug|Any CPU
		{D9E2DC6B-3E54-421F-9231-A4F3A799BC4C}.Debug|Mixed Platforms.Build.0 = Debug|Any CPU
		{D9E2DC6B-3E54-421F-9231-A4F3A799BC4C}.Debug|x86.ActiveCfg = Debug|Any CPU
		{D9E2DC6B-3E54-421F-9231-A4F3A799BC4C}.Default|Any CPU.ActiveCfg = Debug|Any CPU
		{D9E2DC6B-3E54-421F-9231-A4F3A799BC4C}.Default|Any CPU.Build.0 = Debug|Any CPU
		{D9E2DC6B-3E54-421F-9231-A4F3A799BC4C}.Default|Mixed Platforms.ActiveCfg = Debug|Any CPU
		{D9E2DC6B-3E54-421F-9231-A4F3A799BC4C}.Default|Mixed Platforms.Build.0 = Debug|Any CPU
		{D9E2DC6B-3E54-421F-9231-A4F3A799BC4C}.Default|x86.ActiveCfg = Debug|Any CPU
		{D9E2DC6B-3E54-421F-9231-A4F3A799BC4C}.Release|Any CPU.ActiveCfg = Release|Any CPU
		{D9E2DC6B-3E54-421F-9231-A4F3A799BC4C}.Release|Any CPU.Build.0 = Release|Any CPU
		{D9E2DC6B-3E54-421F-9231-A4F3A799BC4C}.Release|Mixed Platforms.ActiveCfg = Release|Any CPU
		{D9E2DC6B-3E54-421F-9231-A4F3A799BC4C}.Release|Mixed Platforms.Build.0 = Release|Any CPU
		{D9E2DC6B-3E54-421F-9231-A4F3A799BC4C}.Release|x86.ActiveCfg = Release|Any CPU
		{EECF02AF-BFDB-4056-B95A-D85701431FEC}.Debug|Any CPU.ActiveCfg = Debug|Any CPU
		{EECF02AF-BFDB-4056-B95A-D85701431FEC}.Debug|Any CPU.Build.0 = Debug|Any CPU
		{EECF02AF-BFDB-4056-B95A-D85701431FEC}.Debug|Mixed Platforms.ActiveCfg = Debug|Any CPU
		{EECF02AF-BFDB-4056-B95A-D85701431FEC}.Debug|Mixed Platforms.Build.0 = Debug|Any CPU
		{EECF02AF-BFDB-4056-B95A-D85701431FEC}.Debug|x86.ActiveCfg = Debug|Any CPU
		{EECF02AF-BFDB-4056-B95A-D85701431FEC}.Default|Any CPU.ActiveCfg = Debug|Any CPU
		{EECF02AF-BFDB-4056-B95A-D85701431FEC}.Default|Any CPU.Build.0 = Debug|Any CPU
		{EECF02AF-BFDB-4056-B95A-D85701431FEC}.Default|Mixed Platforms.ActiveCfg = Debug|Any CPU
		{EECF02AF-BFDB-4056-B95A-D85701431FEC}.Default|Mixed Platforms.Build.0 = Debug|Any CPU
		{EECF02AF-BFDB-4056-B95A-D85701431FEC}.Default|x86.ActiveCfg = Debug|Any CPU
		{EECF02AF-BFDB-4056-B95A-D85701431FEC}.Release|Any CPU.ActiveCfg = Release|Any CPU
		{EECF02AF-BFDB-4056-B95A-D85701431FEC}.Release|Any CPU.Build.0 = Release|Any CPU
		{EECF02AF-BFDB-4056-B95A-D85701431FEC}.Release|Mixed Platforms.ActiveCfg = Release|Any CPU
		{EECF02AF-BFDB-4056-B95A-D85701431FEC}.Release|Mixed Platforms.Build.0 = Release|Any CPU
		{EECF02AF-BFDB-4056-B95A-D85701431FEC}.Release|x86.ActiveCfg = Release|Any CPU
		{976E750D-989C-43F0-9748-9147E1D1D88D}.Debug|Any CPU.ActiveCfg = Debug|Any CPU
		{976E750D-989C-43F0-9748-9147E1D1D88D}.Debug|Any CPU.Build.0 = Debug|Any CPU
		{976E750D-989C-43F0-9748-9147E1D1D88D}.Debug|Mixed Platforms.ActiveCfg = Debug|Any CPU
		{976E750D-989C-43F0-9748-9147E1D1D88D}.Debug|Mixed Platforms.Build.0 = Debug|Any CPU
		{976E750D-989C-43F0-9748-9147E1D1D88D}.Debug|x86.ActiveCfg = Debug|Any CPU
		{976E750D-989C-43F0-9748-9147E1D1D88D}.Default|Any CPU.ActiveCfg = Debug|Any CPU
		{976E750D-989C-43F0-9748-9147E1D1D88D}.Default|Any CPU.Build.0 = Debug|Any CPU
		{976E750D-989C-43F0-9748-9147E1D1D88D}.Default|Mixed Platforms.ActiveCfg = Debug|Any CPU
		{976E750D-989C-43F0-9748-9147E1D1D88D}.Default|Mixed Platforms.Build.0 = Debug|Any CPU
		{976E750D-989C-43F0-9748-9147E1D1D88D}.Default|x86.ActiveCfg = Debug|Any CPU
		{976E750D-989C-43F0-9748-9147E1D1D88D}.Release|Any CPU.ActiveCfg = Release|Any CPU
		{976E750D-989C-43F0-9748-9147E1D1D88D}.Release|Any CPU.Build.0 = Release|Any CPU
		{976E750D-989C-43F0-9748-9147E1D1D88D}.Release|Mixed Platforms.ActiveCfg = Release|Any CPU
		{976E750D-989C-43F0-9748-9147E1D1D88D}.Release|Mixed Platforms.Build.0 = Release|Any CPU
		{976E750D-989C-43F0-9748-9147E1D1D88D}.Release|x86.ActiveCfg = Release|Any CPU
		{439274B0-678E-432C-9497-C73B6BC7A5CF}.Debug|Any CPU.ActiveCfg = Debug|Any CPU
		{439274B0-678E-432C-9497-C73B6BC7A5CF}.Debug|Any CPU.Build.0 = Debug|Any CPU
		{439274B0-678E-432C-9497-C73B6BC7A5CF}.Debug|Mixed Platforms.ActiveCfg = Debug|Any CPU
		{439274B0-678E-432C-9497-C73B6BC7A5CF}.Debug|Mixed Platforms.Build.0 = Debug|Any CPU
		{439274B0-678E-432C-9497-C73B6BC7A5CF}.Debug|x86.ActiveCfg = Debug|Any CPU
		{439274B0-678E-432C-9497-C73B6BC7A5CF}.Default|Any CPU.ActiveCfg = Debug|Any CPU
		{439274B0-678E-432C-9497-C73B6BC7A5CF}.Default|Any CPU.Build.0 = Debug|Any CPU
		{439274B0-678E-432C-9497-C73B6BC7A5CF}.Default|Mixed Platforms.ActiveCfg = Debug|Any CPU
		{439274B0-678E-432C-9497-C73B6BC7A5CF}.Default|Mixed Platforms.Build.0 = Debug|Any CPU
		{439274B0-678E-432C-9497-C73B6BC7A5CF}.Default|x86.ActiveCfg = Debug|Any CPU
		{439274B0-678E-432C-9497-C73B6BC7A5CF}.Release|Any CPU.ActiveCfg = Release|Any CPU
		{439274B0-678E-432C-9497-C73B6BC7A5CF}.Release|Any CPU.Build.0 = Release|Any CPU
		{439274B0-678E-432C-9497-C73B6BC7A5CF}.Release|Mixed Platforms.ActiveCfg = Release|Any CPU
		{439274B0-678E-432C-9497-C73B6BC7A5CF}.Release|Mixed Platforms.Build.0 = Release|Any CPU
		{439274B0-678E-432C-9497-C73B6BC7A5CF}.Release|x86.ActiveCfg = Release|Any CPU
		{FFC795A2-9846-475E-83E2-A2182ECC93A0}.Debug|Any CPU.ActiveCfg = Debug|Any CPU
		{FFC795A2-9846-475E-83E2-A2182ECC93A0}.Debug|Any CPU.Build.0 = Debug|Any CPU
		{FFC795A2-9846-475E-83E2-A2182ECC93A0}.Debug|Mixed Platforms.ActiveCfg = Debug|Any CPU
		{FFC795A2-9846-475E-83E2-A2182ECC93A0}.Debug|Mixed Platforms.Build.0 = Debug|Any CPU
		{FFC795A2-9846-475E-83E2-A2182ECC93A0}.Debug|x86.ActiveCfg = Debug|Any CPU
		{FFC795A2-9846-475E-83E2-A2182ECC93A0}.Default|Any CPU.ActiveCfg = Debug|Any CPU
		{FFC795A2-9846-475E-83E2-A2182ECC93A0}.Default|Any CPU.Build.0 = Debug|Any CPU
		{FFC795A2-9846-475E-83E2-A2182ECC93A0}.Default|Mixed Platforms.ActiveCfg = Debug|Any CPU
		{FFC795A2-9846-475E-83E2-A2182ECC93A0}.Default|Mixed Platforms.Build.0 = Debug|Any CPU
		{FFC795A2-9846-475E-83E2-A2182ECC93A0}.Default|x86.ActiveCfg = Debug|Any CPU
		{FFC795A2-9846-475E-83E2-A2182ECC93A0}.Release|Any CPU.ActiveCfg = Release|Any CPU
		{FFC795A2-9846-475E-83E2-A2182ECC93A0}.Release|Any CPU.Build.0 = Release|Any CPU
		{FFC795A2-9846-475E-83E2-A2182ECC93A0}.Release|Mixed Platforms.ActiveCfg = Release|Any CPU
		{FFC795A2-9846-475E-83E2-A2182ECC93A0}.Release|Mixed Platforms.Build.0 = Release|Any CPU
		{FFC795A2-9846-475E-83E2-A2182ECC93A0}.Release|x86.ActiveCfg = Release|Any CPU
		{E4ACF0B6-7EA9-4FBE-9A7A-553BA3ED64DA}.Debug|Any CPU.ActiveCfg = Debug|Any CPU
		{E4ACF0B6-7EA9-4FBE-9A7A-553BA3ED64DA}.Debug|Any CPU.Build.0 = Debug|Any CPU
		{E4ACF0B6-7EA9-4FBE-9A7A-553BA3ED64DA}.Debug|Mixed Platforms.ActiveCfg = Debug|Any CPU
		{E4ACF0B6-7EA9-4FBE-9A7A-553BA3ED64DA}.Debug|Mixed Platforms.Build.0 = Debug|Any CPU
		{E4ACF0B6-7EA9-4FBE-9A7A-553BA3ED64DA}.Debug|x86.ActiveCfg = Debug|Any CPU
		{E4ACF0B6-7EA9-4FBE-9A7A-553BA3ED64DA}.Default|Any CPU.ActiveCfg = Debug|Any CPU
		{E4ACF0B6-7EA9-4FBE-9A7A-553BA3ED64DA}.Default|Any CPU.Build.0 = Debug|Any CPU
		{E4ACF0B6-7EA9-4FBE-9A7A-553BA3ED64DA}.Default|Mixed Platforms.ActiveCfg = Debug|Any CPU
		{E4ACF0B6-7EA9-4FBE-9A7A-553BA3ED64DA}.Default|Mixed Platforms.Build.0 = Debug|Any CPU
		{E4ACF0B6-7EA9-4FBE-9A7A-553BA3ED64DA}.Default|x86.ActiveCfg = Debug|Any CPU
		{E4ACF0B6-7EA9-4FBE-9A7A-553BA3ED64DA}.Release|Any CPU.ActiveCfg = Release|Any CPU
		{E4ACF0B6-7EA9-4FBE-9A7A-553BA3ED64DA}.Release|Any CPU.Build.0 = Release|Any CPU
		{E4ACF0B6-7EA9-4FBE-9A7A-553BA3ED64DA}.Release|Mixed Platforms.ActiveCfg = Release|Any CPU
		{E4ACF0B6-7EA9-4FBE-9A7A-553BA3ED64DA}.Release|Mixed Platforms.Build.0 = Release|Any CPU
		{E4ACF0B6-7EA9-4FBE-9A7A-553BA3ED64DA}.Release|x86.ActiveCfg = Release|Any CPU
		{2A1F0E6C-73CE-406F-9ED4-879653E19346}.Debug|Any CPU.ActiveCfg = Debug|Any CPU
		{2A1F0E6C-73CE-406F-9ED4-879653E19346}.Debug|Any CPU.Build.0 = Debug|Any CPU
		{2A1F0E6C-73CE-406F-9ED4-879653E19346}.Debug|Mixed Platforms.ActiveCfg = Debug|Any CPU
		{2A1F0E6C-73CE-406F-9ED4-879653E19346}.Debug|Mixed Platforms.Build.0 = Debug|Any CPU
		{2A1F0E6C-73CE-406F-9ED4-879653E19346}.Debug|x86.ActiveCfg = Debug|Any CPU
		{2A1F0E6C-73CE-406F-9ED4-879653E19346}.Default|Any CPU.ActiveCfg = Debug|Any CPU
		{2A1F0E6C-73CE-406F-9ED4-879653E19346}.Default|Any CPU.Build.0 = Debug|Any CPU
		{2A1F0E6C-73CE-406F-9ED4-879653E19346}.Default|Mixed Platforms.ActiveCfg = Debug|Any CPU
		{2A1F0E6C-73CE-406F-9ED4-879653E19346}.Default|Mixed Platforms.Build.0 = Debug|Any CPU
		{2A1F0E6C-73CE-406F-9ED4-879653E19346}.Default|x86.ActiveCfg = Debug|Any CPU
		{2A1F0E6C-73CE-406F-9ED4-879653E19346}.Release|Any CPU.ActiveCfg = Release|Any CPU
		{2A1F0E6C-73CE-406F-9ED4-879653E19346}.Release|Any CPU.Build.0 = Release|Any CPU
		{2A1F0E6C-73CE-406F-9ED4-879653E19346}.Release|Mixed Platforms.ActiveCfg = Release|Any CPU
		{2A1F0E6C-73CE-406F-9ED4-879653E19346}.Release|Mixed Platforms.Build.0 = Release|Any CPU
		{2A1F0E6C-73CE-406F-9ED4-879653E19346}.Release|x86.ActiveCfg = Release|Any CPU
		{651488E0-8BBD-4BDE-918C-909EA494E2C3}.Debug|Any CPU.ActiveCfg = Debug|Any CPU
		{651488E0-8BBD-4BDE-918C-909EA494E2C3}.Debug|Any CPU.Build.0 = Debug|Any CPU
		{651488E0-8BBD-4BDE-918C-909EA494E2C3}.Debug|Mixed Platforms.ActiveCfg = Debug|Any CPU
		{651488E0-8BBD-4BDE-918C-909EA494E2C3}.Debug|Mixed Platforms.Build.0 = Debug|Any CPU
		{651488E0-8BBD-4BDE-918C-909EA494E2C3}.Debug|x86.ActiveCfg = Debug|Any CPU
		{651488E0-8BBD-4BDE-918C-909EA494E2C3}.Default|Any CPU.ActiveCfg = Debug|Any CPU
		{651488E0-8BBD-4BDE-918C-909EA494E2C3}.Default|Any CPU.Build.0 = Debug|Any CPU
		{651488E0-8BBD-4BDE-918C-909EA494E2C3}.Default|Mixed Platforms.ActiveCfg = Debug|Any CPU
		{651488E0-8BBD-4BDE-918C-909EA494E2C3}.Default|Mixed Platforms.Build.0 = Debug|Any CPU
		{651488E0-8BBD-4BDE-918C-909EA494E2C3}.Default|x86.ActiveCfg = Debug|Any CPU
		{651488E0-8BBD-4BDE-918C-909EA494E2C3}.Release|Any CPU.ActiveCfg = Release|Any CPU
		{651488E0-8BBD-4BDE-918C-909EA494E2C3}.Release|Any CPU.Build.0 = Release|Any CPU
		{651488E0-8BBD-4BDE-918C-909EA494E2C3}.Release|Mixed Platforms.ActiveCfg = Release|Any CPU
		{651488E0-8BBD-4BDE-918C-909EA494E2C3}.Release|Mixed Platforms.Build.0 = Release|Any CPU
		{651488E0-8BBD-4BDE-918C-909EA494E2C3}.Release|x86.ActiveCfg = Release|Any CPU
		{37663C2E-16CA-4497-B59A-B45847EA6CFA}.Debug|Any CPU.ActiveCfg = Debug|Any CPU
		{37663C2E-16CA-4497-B59A-B45847EA6CFA}.Debug|Any CPU.Build.0 = Debug|Any CPU
		{37663C2E-16CA-4497-B59A-B45847EA6CFA}.Debug|Mixed Platforms.ActiveCfg = Debug|Any CPU
		{37663C2E-16CA-4497-B59A-B45847EA6CFA}.Debug|Mixed Platforms.Build.0 = Debug|Any CPU
		{37663C2E-16CA-4497-B59A-B45847EA6CFA}.Debug|x86.ActiveCfg = Debug|Any CPU
		{37663C2E-16CA-4497-B59A-B45847EA6CFA}.Default|Any CPU.ActiveCfg = Debug|Any CPU
		{37663C2E-16CA-4497-B59A-B45847EA6CFA}.Default|Any CPU.Build.0 = Debug|Any CPU
		{37663C2E-16CA-4497-B59A-B45847EA6CFA}.Default|Mixed Platforms.ActiveCfg = Debug|Any CPU
		{37663C2E-16CA-4497-B59A-B45847EA6CFA}.Default|Mixed Platforms.Build.0 = Debug|Any CPU
		{37663C2E-16CA-4497-B59A-B45847EA6CFA}.Default|x86.ActiveCfg = Debug|Any CPU
		{37663C2E-16CA-4497-B59A-B45847EA6CFA}.Release|Any CPU.ActiveCfg = Release|Any CPU
		{37663C2E-16CA-4497-B59A-B45847EA6CFA}.Release|Any CPU.Build.0 = Release|Any CPU
		{37663C2E-16CA-4497-B59A-B45847EA6CFA}.Release|Mixed Platforms.ActiveCfg = Release|Any CPU
		{37663C2E-16CA-4497-B59A-B45847EA6CFA}.Release|Mixed Platforms.Build.0 = Release|Any CPU
		{37663C2E-16CA-4497-B59A-B45847EA6CFA}.Release|x86.ActiveCfg = Release|Any CPU
		{EF001998-E787-4E19-834A-DB93566662C6}.Debug|Any CPU.ActiveCfg = Debug|Any CPU
		{EF001998-E787-4E19-834A-DB93566662C6}.Debug|Any CPU.Build.0 = Debug|Any CPU
		{EF001998-E787-4E19-834A-DB93566662C6}.Debug|Mixed Platforms.ActiveCfg = Debug|Any CPU
		{EF001998-E787-4E19-834A-DB93566662C6}.Debug|Mixed Platforms.Build.0 = Debug|Any CPU
		{EF001998-E787-4E19-834A-DB93566662C6}.Debug|x86.ActiveCfg = Debug|Any CPU
		{EF001998-E787-4E19-834A-DB93566662C6}.Default|Any CPU.ActiveCfg = Debug|Any CPU
		{EF001998-E787-4E19-834A-DB93566662C6}.Default|Any CPU.Build.0 = Debug|Any CPU
		{EF001998-E787-4E19-834A-DB93566662C6}.Default|Mixed Platforms.ActiveCfg = Debug|Any CPU
		{EF001998-E787-4E19-834A-DB93566662C6}.Default|Mixed Platforms.Build.0 = Debug|Any CPU
		{EF001998-E787-4E19-834A-DB93566662C6}.Default|x86.ActiveCfg = Debug|Any CPU
		{EF001998-E787-4E19-834A-DB93566662C6}.Release|Any CPU.ActiveCfg = Release|Any CPU
		{EF001998-E787-4E19-834A-DB93566662C6}.Release|Any CPU.Build.0 = Release|Any CPU
		{EF001998-E787-4E19-834A-DB93566662C6}.Release|Mixed Platforms.ActiveCfg = Release|Any CPU
		{EF001998-E787-4E19-834A-DB93566662C6}.Release|Mixed Platforms.Build.0 = Release|Any CPU
		{EF001998-E787-4E19-834A-DB93566662C6}.Release|x86.ActiveCfg = Release|Any CPU
		{BB816A7F-D7F7-4FDC-8CFE-23D180A73406}.Debug|Any CPU.ActiveCfg = Debug|Any CPU
		{BB816A7F-D7F7-4FDC-8CFE-23D180A73406}.Debug|Any CPU.Build.0 = Debug|Any CPU
		{BB816A7F-D7F7-4FDC-8CFE-23D180A73406}.Debug|Mixed Platforms.ActiveCfg = Debug|Any CPU
		{BB816A7F-D7F7-4FDC-8CFE-23D180A73406}.Debug|Mixed Platforms.Build.0 = Debug|Any CPU
		{BB816A7F-D7F7-4FDC-8CFE-23D180A73406}.Debug|x86.ActiveCfg = Debug|Any CPU
		{BB816A7F-D7F7-4FDC-8CFE-23D180A73406}.Default|Any CPU.ActiveCfg = Debug|Any CPU
		{BB816A7F-D7F7-4FDC-8CFE-23D180A73406}.Default|Any CPU.Build.0 = Debug|Any CPU
		{BB816A7F-D7F7-4FDC-8CFE-23D180A73406}.Default|Mixed Platforms.ActiveCfg = Debug|Any CPU
		{BB816A7F-D7F7-4FDC-8CFE-23D180A73406}.Default|Mixed Platforms.Build.0 = Debug|Any CPU
		{BB816A7F-D7F7-4FDC-8CFE-23D180A73406}.Default|x86.ActiveCfg = Debug|Any CPU
		{BB816A7F-D7F7-4FDC-8CFE-23D180A73406}.Release|Any CPU.ActiveCfg = Release|Any CPU
		{BB816A7F-D7F7-4FDC-8CFE-23D180A73406}.Release|Any CPU.Build.0 = Release|Any CPU
		{BB816A7F-D7F7-4FDC-8CFE-23D180A73406}.Release|Mixed Platforms.ActiveCfg = Release|Any CPU
		{BB816A7F-D7F7-4FDC-8CFE-23D180A73406}.Release|Mixed Platforms.Build.0 = Release|Any CPU
		{BB816A7F-D7F7-4FDC-8CFE-23D180A73406}.Release|x86.ActiveCfg = Release|Any CPU
		{E07DFF03-4198-4D59-84C5-6153BC4E0640}.Debug|Any CPU.ActiveCfg = Debug|Any CPU
		{E07DFF03-4198-4D59-84C5-6153BC4E0640}.Debug|Any CPU.Build.0 = Debug|Any CPU
		{E07DFF03-4198-4D59-84C5-6153BC4E0640}.Debug|Mixed Platforms.ActiveCfg = Debug|Any CPU
		{E07DFF03-4198-4D59-84C5-6153BC4E0640}.Debug|Mixed Platforms.Build.0 = Debug|Any CPU
		{E07DFF03-4198-4D59-84C5-6153BC4E0640}.Debug|x86.ActiveCfg = Debug|Any CPU
		{E07DFF03-4198-4D59-84C5-6153BC4E0640}.Default|Any CPU.ActiveCfg = Debug|Any CPU
		{E07DFF03-4198-4D59-84C5-6153BC4E0640}.Default|Any CPU.Build.0 = Debug|Any CPU
		{E07DFF03-4198-4D59-84C5-6153BC4E0640}.Default|Mixed Platforms.ActiveCfg = Debug|Any CPU
		{E07DFF03-4198-4D59-84C5-6153BC4E0640}.Default|Mixed Platforms.Build.0 = Debug|Any CPU
		{E07DFF03-4198-4D59-84C5-6153BC4E0640}.Default|x86.ActiveCfg = Debug|Any CPU
		{E07DFF03-4198-4D59-84C5-6153BC4E0640}.Release|Any CPU.ActiveCfg = Release|Any CPU
		{E07DFF03-4198-4D59-84C5-6153BC4E0640}.Release|Any CPU.Build.0 = Release|Any CPU
		{E07DFF03-4198-4D59-84C5-6153BC4E0640}.Release|Mixed Platforms.ActiveCfg = Release|Any CPU
		{E07DFF03-4198-4D59-84C5-6153BC4E0640}.Release|Mixed Platforms.Build.0 = Release|Any CPU
		{E07DFF03-4198-4D59-84C5-6153BC4E0640}.Release|x86.ActiveCfg = Release|Any CPU
		{7B61C482-0DA1-488F-BC58-A79BD471EFA3}.Debug|Any CPU.ActiveCfg = Debug|Any CPU
		{7B61C482-0DA1-488F-BC58-A79BD471EFA3}.Debug|Any CPU.Build.0 = Debug|Any CPU
		{7B61C482-0DA1-488F-BC58-A79BD471EFA3}.Debug|Mixed Platforms.ActiveCfg = Debug|Any CPU
		{7B61C482-0DA1-488F-BC58-A79BD471EFA3}.Debug|Mixed Platforms.Build.0 = Debug|Any CPU
		{7B61C482-0DA1-488F-BC58-A79BD471EFA3}.Debug|x86.ActiveCfg = Debug|Any CPU
		{7B61C482-0DA1-488F-BC58-A79BD471EFA3}.Default|Any CPU.ActiveCfg = Debug|Any CPU
		{7B61C482-0DA1-488F-BC58-A79BD471EFA3}.Default|Any CPU.Build.0 = Debug|Any CPU
		{7B61C482-0DA1-488F-BC58-A79BD471EFA3}.Default|Mixed Platforms.ActiveCfg = Debug|Any CPU
		{7B61C482-0DA1-488F-BC58-A79BD471EFA3}.Default|Mixed Platforms.Build.0 = Debug|Any CPU
		{7B61C482-0DA1-488F-BC58-A79BD471EFA3}.Default|x86.ActiveCfg = Debug|Any CPU
		{7B61C482-0DA1-488F-BC58-A79BD471EFA3}.Release|Any CPU.ActiveCfg = Release|Any CPU
		{7B61C482-0DA1-488F-BC58-A79BD471EFA3}.Release|Any CPU.Build.0 = Release|Any CPU
		{7B61C482-0DA1-488F-BC58-A79BD471EFA3}.Release|Mixed Platforms.ActiveCfg = Release|Any CPU
		{7B61C482-0DA1-488F-BC58-A79BD471EFA3}.Release|Mixed Platforms.Build.0 = Release|Any CPU
		{7B61C482-0DA1-488F-BC58-A79BD471EFA3}.Release|x86.ActiveCfg = Release|Any CPU
		{B9091007-DCB8-45D6-A24D-500520BB2613}.Debug|Any CPU.ActiveCfg = Debug|Any CPU
		{B9091007-DCB8-45D6-A24D-500520BB2613}.Debug|Any CPU.Build.0 = Debug|Any CPU
		{B9091007-DCB8-45D6-A24D-500520BB2613}.Debug|Mixed Platforms.ActiveCfg = Debug|Any CPU
		{B9091007-DCB8-45D6-A24D-500520BB2613}.Debug|Mixed Platforms.Build.0 = Debug|Any CPU
		{B9091007-DCB8-45D6-A24D-500520BB2613}.Debug|x86.ActiveCfg = Debug|Any CPU
		{B9091007-DCB8-45D6-A24D-500520BB2613}.Default|Any CPU.ActiveCfg = Debug|Any CPU
		{B9091007-DCB8-45D6-A24D-500520BB2613}.Default|Any CPU.Build.0 = Debug|Any CPU
		{B9091007-DCB8-45D6-A24D-500520BB2613}.Default|Mixed Platforms.ActiveCfg = Debug|Any CPU
		{B9091007-DCB8-45D6-A24D-500520BB2613}.Default|Mixed Platforms.Build.0 = Debug|Any CPU
		{B9091007-DCB8-45D6-A24D-500520BB2613}.Default|x86.ActiveCfg = Debug|Any CPU
		{B9091007-DCB8-45D6-A24D-500520BB2613}.Release|Any CPU.ActiveCfg = Release|Any CPU
		{B9091007-DCB8-45D6-A24D-500520BB2613}.Release|Any CPU.Build.0 = Release|Any CPU
		{B9091007-DCB8-45D6-A24D-500520BB2613}.Release|Mixed Platforms.ActiveCfg = Release|Any CPU
		{B9091007-DCB8-45D6-A24D-500520BB2613}.Release|Mixed Platforms.Build.0 = Release|Any CPU
		{B9091007-DCB8-45D6-A24D-500520BB2613}.Release|x86.ActiveCfg = Release|Any CPU
		{476DF4AE-841E-421F-8DCB-BB53299265BD}.Debug|Any CPU.ActiveCfg = Debug|Any CPU
		{476DF4AE-841E-421F-8DCB-BB53299265BD}.Debug|Any CPU.Build.0 = Debug|Any CPU
		{476DF4AE-841E-421F-8DCB-BB53299265BD}.Debug|Mixed Platforms.ActiveCfg = Debug|Any CPU
		{476DF4AE-841E-421F-8DCB-BB53299265BD}.Debug|Mixed Platforms.Build.0 = Debug|Any CPU
		{476DF4AE-841E-421F-8DCB-BB53299265BD}.Debug|x86.ActiveCfg = Debug|Any CPU
		{476DF4AE-841E-421F-8DCB-BB53299265BD}.Default|Any CPU.ActiveCfg = Debug|Any CPU
		{476DF4AE-841E-421F-8DCB-BB53299265BD}.Default|Any CPU.Build.0 = Debug|Any CPU
		{476DF4AE-841E-421F-8DCB-BB53299265BD}.Default|Mixed Platforms.ActiveCfg = Debug|Any CPU
		{476DF4AE-841E-421F-8DCB-BB53299265BD}.Default|Mixed Platforms.Build.0 = Debug|Any CPU
		{476DF4AE-841E-421F-8DCB-BB53299265BD}.Default|x86.ActiveCfg = Debug|Any CPU
		{476DF4AE-841E-421F-8DCB-BB53299265BD}.Release|Any CPU.ActiveCfg = Release|Any CPU
		{476DF4AE-841E-421F-8DCB-BB53299265BD}.Release|Any CPU.Build.0 = Release|Any CPU
		{476DF4AE-841E-421F-8DCB-BB53299265BD}.Release|Mixed Platforms.ActiveCfg = Release|Any CPU
		{476DF4AE-841E-421F-8DCB-BB53299265BD}.Release|Mixed Platforms.Build.0 = Release|Any CPU
		{476DF4AE-841E-421F-8DCB-BB53299265BD}.Release|x86.ActiveCfg = Release|Any CPU
	EndGlobalSection
	GlobalSection(SolutionProperties) = preSolution
		HideSolutionNode = FALSE
	EndGlobalSection
	GlobalSection(NestedProjects) = preSolution
		{F62C525C-5A46-46E1-BD18-450ACAF06E26} = {6549398D-F484-43D6-9494-921E96EF4C76}
		{206856B6-B1B7-41BC-AC2F-EF1E8A99ABE8} = {6549398D-F484-43D6-9494-921E96EF4C76}
		{D9E2DC6B-3E54-421F-9231-A4F3A799BC4C} = {823C53C9-907A-4C9A-868D-3E16007E829A}
		{EECF02AF-BFDB-4056-B95A-D85701431FEC} = {89E828AE-56A6-4643-B7C8-6B713C739074}
		{976E750D-989C-43F0-9748-9147E1D1D88D} = {6549398D-F484-43D6-9494-921E96EF4C76}
		{439274B0-678E-432C-9497-C73B6BC7A5CF} = {74BEB495-5C6E-4DD5-9B73-CD8B5F0850BA}
		{FFC795A2-9846-475E-83E2-A2182ECC93A0} = {89E828AE-56A6-4643-B7C8-6B713C739074}
		{E4ACF0B6-7EA9-4FBE-9A7A-553BA3ED64DA} = {6549398D-F484-43D6-9494-921E96EF4C76}
		{2A1F0E6C-73CE-406F-9ED4-879653E19346} = {823C53C9-907A-4C9A-868D-3E16007E829A}
		{651488E0-8BBD-4BDE-918C-909EA494E2C3} = {6549398D-F484-43D6-9494-921E96EF4C76}
		{37663C2E-16CA-4497-B59A-B45847EA6CFA} = {89E828AE-56A6-4643-B7C8-6B713C739074}
		{EF001998-E787-4E19-834A-DB93566662C6} = {9FDEB5DF-E594-4687-9086-CA4532578F64}
		{BB816A7F-D7F7-4FDC-8CFE-23D180A73406} = {9FDEB5DF-E594-4687-9086-CA4532578F64}
		{E07DFF03-4198-4D59-84C5-6153BC4E0640} = {6549398D-F484-43D6-9494-921E96EF4C76}
		{7B61C482-0DA1-488F-BC58-A79BD471EFA3} = {4C48AEE7-1C3D-438C-B73A-E6531E7C6E4D}
		{823C53C9-907A-4C9A-868D-3E16007E829A} = {36F20882-4A73-4763-A40E-5228AB51FBAE}
		{89E828AE-56A6-4643-B7C8-6B713C739074} = {36F20882-4A73-4763-A40E-5228AB51FBAE}
		{70196871-0210-4D64-920F-766689E598CC} = {36F20882-4A73-4763-A40E-5228AB51FBAE}
		{9FDEB5DF-E594-4687-9086-CA4532578F64} = {36F20882-4A73-4763-A40E-5228AB51FBAE}
		{74BEB495-5C6E-4DD5-9B73-CD8B5F0850BA} = {36F20882-4A73-4763-A40E-5228AB51FBAE}
		{4C48AEE7-1C3D-438C-B73A-E6531E7C6E4D} = {36F20882-4A73-4763-A40E-5228AB51FBAE}
		{B9091007-DCB8-45D6-A24D-500520BB2613} = {70196871-0210-4D64-920F-766689E598CC}
	EndGlobalSection
	GlobalSection(TextTemplating) = postSolution
		TextTemplating = 1
	EndGlobalSection
EndGlobal
